
Microsoft Visual Studio Solution File, Format Version 12.00
# Visual Studio Version 18
VisualStudioVersion = 18.1.11312.151
MinimumVisualStudioVersion = 10.0.40219.1
Project("{FAE04EC0-301F-11D3-BF4B-00C04F79EFBC}") = "SpecificationExample.AcceptanceTests", "SpecificationExample.AcceptanceTests\SpecificationExample.AcceptanceTests.csproj", "{C2BC4A37-A4A2-4C27-8BD5-7BC8EF43B5C8}"
EndProject
Project("{FAE04EC0-301F-11D3-BF4B-00C04F79EFBC}") = "SpecificationExample.UnitTests", "SpecificationExample.UnitTests\SpecificationExample.UnitTests.csproj", "{0D81312A-1B28-4A8A-95A0-0F9158609A5E}"
EndProject
Project("{FAE04EC0-301F-11D3-BF4B-00C04F79EFBC}") = "SpecificationExample.Domain", "SpecificationExample.Domain\SpecificationExample.Domain.csproj", "{DBD96D5B-F86E-ACE4-1175-1AE6AF4831AB}"
EndProject
Project("{2150E333-8FDC-42A3-9474-1A3956D46DE8}") = "Solution Items", "Solution Items", "{2E28F140-DD1B-4690-A083-F72B6EA72907}"
EndProject
Project("{FAE04EC0-301F-11D3-BF4B-00C04F79EFBC}") = "SpecificationExample.Host", "SpecificationExample.Host\SpecificationExample.Host.csproj", "{AE3726F5-65AC-E79E-7D49-78EE4F753A4D}"
EndProject
Global
	GlobalSection(SolutionConfigurationPlatforms) = preSolution
		Debug|Any CPU = Debug|Any CPU
		Release|Any CPU = Release|Any CPU
	EndGlobalSection
	GlobalSection(ProjectConfigurationPlatforms) = postSolution
		{C2BC4A37-A4A2-4C27-8BD5-7BC8EF43B5C8}.Debug|Any CPU.ActiveCfg = Debug|Any CPU
		{C2BC4A37-A4A2-4C27-8BD5-7BC8EF43B5C8}.Debug|Any CPU.Build.0 = Debug|Any CPU
		{C2BC4A37-A4A2-4C27-8BD5-7BC8EF43B5C8}.Release|Any CPU.ActiveCfg = Release|Any CPU
		{C2BC4A37-A4A2-4C27-8BD5-7BC8EF43B5C8}.Release|Any CPU.Build.0 = Release|Any CPU
		{0D81312A-1B28-4A8A-95A0-0F9158609A5E}.Debug|Any CPU.ActiveCfg = Debug|Any CPU
		{0D81312A-1B28-4A8A-95A0-0F9158609A5E}.Debug|Any CPU.Build.0 = Debug|Any CPU
		{0D81312A-1B28-4A8A-95A0-0F9158609A5E}.Release|Any CPU.ActiveCfg = Release|Any CPU
		{0D81312A-1B28-4A8A-95A0-0F9158609A5E}.Release|Any CPU.Build.0 = Release|Any CPU
		{DBD96D5B-F86E-ACE4-1175-1AE6AF4831AB}.Debug|Any CPU.ActiveCfg = Debug|Any CPU
		{DBD96D5B-F86E-ACE4-1175-1AE6AF4831AB}.Debug|Any CPU.Build.0 = Debug|Any CPU
		{DBD96D5B-F86E-ACE4-1175-1AE6AF4831AB}.Release|Any CPU.ActiveCfg = Release|Any CPU
		{DBD96D5B-F86E-ACE4-1175-1AE6AF4831AB}.Release|Any CPU.Build.0 = Release|Any CPU
		{AE3726F5-65AC-E79E-7D49-78EE4F753A4D}.Debug|Any CPU.ActiveCfg = Debug|Any CPU
		{AE3726F5-65AC-E79E-7D49-78EE4F753A4D}.Debug|Any CPU.Build.0 = Debug|Any CPU
		{AE3726F5-65AC-E79E-7D49-78EE4F753A4D}.Release|Any CPU.ActiveCfg = Release|Any CPU
		{AE3726F5-65AC-E79E-7D49-78EE4F753A4D}.Release|Any CPU.Build.0 = Release|Any CPU
	EndGlobalSection
	GlobalSection(SolutionProperties) = preSolution
		HideSolutionNode = FALSE
	EndGlobalSection
	GlobalSection(ExtensibilityGlobals) = postSolution
		SolutionGuid = {F56F4B22-622C-46B8-9302-77CB00F2B180}
	EndGlobalSection
EndGlobal
