
Microsoft Visual Studio Solution File, Format Version 12.00
# Visual Studio Version 18
VisualStudioVersion = 18.1.11312.151 d18.0
MinimumVisualStudioVersion = 10.0.40219.1
Project("{FAE04EC0-301F-11D3-BF4B-00C04F79EFBC}") = "SpecificationTests", "SpecificationTests\SpecificationTests.csproj", "{1CB8DFC6-D7FB-4885-B744-6E501D1FF056}"
EndProject
Project("{FAE04EC0-301F-11D3-BF4B-00C04F79EFBC}") = "SpecificationTests.Domain", "SpecificationTests.Domain\SpecificationTests.Domain.csproj", "{FE79C34B-4BEE-418B-A0BC-DC9DD87B39B6}"
EndProject
Global
	GlobalSection(SolutionConfigurationPlatforms) = preSolution
		Debug|Any CPU = Debug|Any CPU
		Release|Any CPU = Release|Any CPU
	EndGlobalSection
	GlobalSection(ProjectConfigurationPlatforms) = postSolution
		{1CB8DFC6-D7FB-4885-B744-6E501D1FF056}.Debug|Any CPU.ActiveCfg = Debug|Any CPU
		{1CB8DFC6-D7FB-4885-B744-6E501D1FF056}.Debug|Any CPU.Build.0 = Debug|Any CPU
		{1CB8DFC6-D7FB-4885-B744-6E501D1FF056}.Release|Any CPU.ActiveCfg = Release|Any CPU
		{1CB8DFC6-D7FB-4885-B744-6E501D1FF056}.Release|Any CPU.Build.0 = Release|Any CPU
		{FE79C34B-4BEE-418B-A0BC-DC9DD87B39B6}.Debug|Any CPU.ActiveCfg = Debug|Any CPU
		{FE79C34B-4BEE-418B-A0BC-DC9DD87B39B6}.Debug|Any CPU.Build.0 = Debug|Any CPU
		{FE79C34B-4BEE-418B-A0BC-DC9DD87B39B6}.Release|Any CPU.ActiveCfg = Release|Any CPU
		{FE79C34B-4BEE-418B-A0BC-DC9DD87B39B6}.Release|Any CPU.Build.0 = Release|Any CPU
	EndGlobalSection
	GlobalSection(SolutionProperties) = preSolution
		HideSolutionNode = FALSE
	EndGlobalSection
	GlobalSection(ExtensibilityGlobals) = postSolution
		SolutionGuid = {F56F4B22-622C-46B8-9302-77CB00F2B180}
	EndGlobalSection
EndGlobal
